
Microsoft Visual Studio Solution File, Format Version 12.00
# Visual Studio 14
VisualStudioVersion = 14.0.24720.0
MinimumVisualStudioVersion = 10.0.40219.1
Project("{FAE04EC0-301F-11D3-BF4B-00C04F79EFBC}") = "BingMap", "BingMap\BingMap.csproj", "{B70D5BE9-D557-482E-8BB2-5F62514C1D9E}"
EndProject
Project("{FAE04EC0-301F-11D3-BF4B-00C04F79EFBC}") = "KinectControls", "KinectControls\KinectControls\KinectControls.csproj", "{10F5497F-8622-4C59-BE62-E13D9473ED9B}"
EndProject
Project("{FAE04EC0-301F-11D3-BF4B-00C04F79EFBC}") = "KinectControls.Test", "KinectControls\KinectControls.Test\KinectControls.Test.csproj", "{97AD9226-98BD-4471-A6A3-F6EFBB44F0F5}"
EndProject
Global
	GlobalSection(SolutionConfigurationPlatforms) = preSolution
		Debug|Any CPU = Debug|Any CPU
		Release|Any CPU = Release|Any CPU
	EndGlobalSection
	GlobalSection(ProjectConfigurationPlatforms) = postSolution
		{B70D5BE9-D557-482E-8BB2-5F62514C1D9E}.Debug|Any CPU.ActiveCfg = Debug|Any CPU
		{B70D5BE9-D557-482E-8BB2-5F62514C1D9E}.Debug|Any CPU.Build.0 = Debug|Any CPU
		{B70D5BE9-D557-482E-8BB2-5F62514C1D9E}.Release|Any CPU.ActiveCfg = Release|Any CPU
		{B70D5BE9-D557-482E-8BB2-5F62514C1D9E}.Release|Any CPU.Build.0 = Release|Any CPU
		{10F5497F-8622-4C59-BE62-E13D9473ED9B}.Debug|Any CPU.ActiveCfg = Debug|Any CPU
		{10F5497F-8622-4C59-BE62-E13D9473ED9B}.Debug|Any CPU.Build.0 = Debug|Any CPU
		{10F5497F-8622-4C59-BE62-E13D9473ED9B}.Release|Any CPU.ActiveCfg = Release|Any CPU
		{10F5497F-8622-4C59-BE62-E13D9473ED9B}.Release|Any CPU.Build.0 = Release|Any CPU
		{97AD9226-98BD-4471-A6A3-F6EFBB44F0F5}.Debug|Any CPU.ActiveCfg = Debug|Any CPU
		{97AD9226-98BD-4471-A6A3-F6EFBB44F0F5}.Debug|Any CPU.Build.0 = Debug|Any CPU
		{97AD9226-98BD-4471-A6A3-F6EFBB44F0F5}.Release|Any CPU.ActiveCfg = Release|Any CPU
		{97AD9226-98BD-4471-A6A3-F6EFBB44F0F5}.Release|Any CPU.Build.0 = Release|Any CPU
	EndGlobalSection
	GlobalSection(SolutionProperties) = preSolution
		HideSolutionNode = FALSE
	EndGlobalSection
EndGlobal
